
Microsoft Visual Studio Solution File, Format Version 12.00
# Visual Studio Version 17
VisualStudioVersion = 17.4.33103.184
MinimumVisualStudioVersion = 10.0.40219.1
Project("{FAE04EC0-301F-11D3-BF4B-00C04F79EFBC}") = "class_3_27", "class_3_27\class_3_27.csproj", "{AB6EE362-B6B6-4073-9ABE-94131988220B}"
EndProject
Global
	GlobalSection(SolutionConfigurationPlatforms) = preSolution
		Debug|Any CPU = Debug|Any CPU
		Release|Any CPU = Release|Any CPU
	EndGlobalSection
	GlobalSection(ProjectConfigurationPlatforms) = postSolution
		{AB6EE362-B6B6-4073-9ABE-94131988220B}.Debug|Any CPU.ActiveCfg = Debug|Any CPU
		{AB6EE362-B6B6-4073-9ABE-94131988220B}.Debug|Any CPU.Build.0 = Debug|Any CPU
		{AB6EE362-B6B6-4073-9ABE-94131988220B}.Release|Any CPU.ActiveCfg = Release|Any CPU
		{AB6EE362-B6B6-4073-9ABE-94131988220B}.Release|Any CPU.Build.0 = Release|Any CPU
	EndGlobalSection
	GlobalSection(SolutionProperties) = preSolution
		HideSolutionNode = FALSE
	EndGlobalSection
	GlobalSection(ExtensibilityGlobals) = postSolution
		SolutionGuid = {B64DE8D8-B781-4EFA-9F51-81854390AE45}
	EndGlobalSection
EndGlobal
